
Microsoft Visual Studio Solution File, Format Version 12.00
# Visual Studio Version 17
VisualStudioVersion = 17.7.34018.315
MinimumVisualStudioVersion = 10.0.40219.1
Project("{FAE04EC0-301F-11D3-BF4B-00C04F79EFBC}") = "LAMBDAAssignment", "LAMBDAAssignment\LAMBDAAssignment.csproj", "{AD707301-F1AB-49AD-B808-201492EA0AAE}"
EndProject
Global
	GlobalSection(SolutionConfigurationPlatforms) = preSolution
		Debug|Any CPU = Debug|Any CPU
		Release|Any CPU = Release|Any CPU
	EndGlobalSection
	GlobalSection(ProjectConfigurationPlatforms) = postSolution
		{AD707301-F1AB-49AD-B808-201492EA0AAE}.Debug|Any CPU.ActiveCfg = Debug|Any CPU
		{AD707301-F1AB-49AD-B808-201492EA0AAE}.Debug|Any CPU.Build.0 = Debug|Any CPU
		{AD707301-F1AB-49AD-B808-201492EA0AAE}.Release|Any CPU.ActiveCfg = Release|Any CPU
		{AD707301-F1AB-49AD-B808-201492EA0AAE}.Release|Any CPU.Build.0 = Release|Any CPU
	EndGlobalSection
	GlobalSection(SolutionProperties) = preSolution
		HideSolutionNode = FALSE
	EndGlobalSection
	GlobalSection(ExtensibilityGlobals) = postSolution
		SolutionGuid = {2424405D-5186-4350-AEFC-2E459A6AF6F0}
	EndGlobalSection
EndGlobal
