
Microsoft Visual Studio Solution File, Format Version 12.00
# Visual Studio Version 17
VisualStudioVersion = 17.7.34018.315
MinimumVisualStudioVersion = 10.0.40219.1
Project("{FAE04EC0-301F-11D3-BF4B-00C04F79EFBC}") = "Math challenge", "Math challenge\Math challenge.csproj", "{845A185B-E1F5-46B7-BD25-1CF0363253F6}"
EndProject
Global
	GlobalSection(SolutionConfigurationPlatforms) = preSolution
		Debug|Any CPU = Debug|Any CPU
		Release|Any CPU = Release|Any CPU
	EndGlobalSection
	GlobalSection(ProjectConfigurationPlatforms) = postSolution
		{845A185B-E1F5-46B7-BD25-1CF0363253F6}.Debug|Any CPU.ActiveCfg = Debug|Any CPU
		{845A185B-E1F5-46B7-BD25-1CF0363253F6}.Debug|Any CPU.Build.0 = Debug|Any CPU
		{845A185B-E1F5-46B7-BD25-1CF0363253F6}.Release|Any CPU.ActiveCfg = Release|Any CPU
		{845A185B-E1F5-46B7-BD25-1CF0363253F6}.Release|Any CPU.Build.0 = Release|Any CPU
	EndGlobalSection
	GlobalSection(SolutionProperties) = preSolution
		HideSolutionNode = FALSE
	EndGlobalSection
	GlobalSection(ExtensibilityGlobals) = postSolution
		SolutionGuid = {725959D1-593F-4D55-91D3-EC0C903C4F7A}
	EndGlobalSection
EndGlobal
