
Microsoft Visual Studio Solution File, Format Version 12.00
# Visual Studio Version 16
VisualStudioVersion = 16.0.34114.132
MinimumVisualStudioVersion = 10.0.40219.1
Project("{FAE04EC0-301F-11D3-BF4B-00C04F79EFBC}") = "CSharpChallenges1", "CSharpChallenges1\CSharpChallenges1.csproj", "{4E7AEE43-9ED0-41B2-9862-B04DC15ECFA7}"
EndProject
Global
	GlobalSection(SolutionConfigurationPlatforms) = preSolution
		Debug|Any CPU = Debug|Any CPU
		Release|Any CPU = Release|Any CPU
	EndGlobalSection
	GlobalSection(ProjectConfigurationPlatforms) = postSolution
		{4E7AEE43-9ED0-41B2-9862-B04DC15ECFA7}.Debug|Any CPU.ActiveCfg = Debug|Any CPU
		{4E7AEE43-9ED0-41B2-9862-B04DC15ECFA7}.Debug|Any CPU.Build.0 = Debug|Any CPU
		{4E7AEE43-9ED0-41B2-9862-B04DC15ECFA7}.Release|Any CPU.ActiveCfg = Release|Any CPU
		{4E7AEE43-9ED0-41B2-9862-B04DC15ECFA7}.Release|Any CPU.Build.0 = Release|Any CPU
	EndGlobalSection
	GlobalSection(SolutionProperties) = preSolution
		HideSolutionNode = FALSE
	EndGlobalSection
	GlobalSection(ExtensibilityGlobals) = postSolution
		SolutionGuid = {77D7FA36-7980-40E6-9E55-7E9E5A232CFC}
	EndGlobalSection
EndGlobal
